{
  "name": "zenux-fuzzish",
  "version": "0.1.0",
  "lockfileVersion": 2,
  "requires": true,
  "packages": {
    "": {
      "name": "zenux-fuzzish",
      "version": "0.1.0",
      "license": "ISC",
      "dependencies": {
        "fuzzyset.js": "^1.0.6"
      }
    },
    "node_modules/fuzzyset.js": {
      "version": "1.0.6",
      "resolved": "https://registry.npmjs.org/fuzzyset.js/-/fuzzyset.js-1.0.6.tgz",
      "integrity": "sha512-M16E9/d3Ogiy6XEWQ1CbTCqbULcNaEIg3Qxs0VKhdDSjH3kAskWBZKGyTFb6tPF9FfwSBDcrIjsMQ7R62dNOYw==",
      "engines": {
        "node": ">= 0.4.0"
      },
      "funding": {
        "type": "License Zero",
        "url": "https://licensezero.com/offers/562c0ffe-df98-4348-87b7-e60e3c37c534"
      }
    }
  },
  "dependencies": {
    "fuzzyset.js": {
      "version": "1.0.6",
      "resolved": "https://registry.npmjs.org/fuzzyset.js/-/fuzzyset.js-1.0.6.tgz",
      "integrity": "sha512-M16E9/d3Ogiy6XEWQ1CbTCqbULcNaEIg3Qxs0VKhdDSjH3kAskWBZKGyTFb6tPF9FfwSBDcrIjsMQ7R62dNOYw=="
    }
  }
}
